// !$*UTF8*$!
{
	archiveVersion = 1;
	classes = {
	};
	objectVersion = 46;
	objects = {

/* Begin PBXBuildFile section */
		5C4718C11A67FEEA00771AAF /* AppDelegate.swift in Sources */ = {isa = PBXBuildFile; fileRef = 5C4718C01A67FEEA00771AAF /* AppDelegate.swift */; };
		5C4718C31A67FEEA00771AAF /* ViewController.swift in Sources */ = {isa = PBXBuildFile; fileRef = 5C4718C21A67FEEA00771AAF /* ViewController.swift */; };
		5C4718C61A67FEEA00771AAF /* Main.storyboard in Resources */ = {isa = PBXBuildFile; fileRef = 5C4718C41A67FEEA00771AAF /* Main.storyboard */; };
		5C4718C81A67FEEA00771AAF /* Images.xcassets in Resources */ = {isa = PBXBuildFile; fileRef = 5C4718C71A67FEEA00771AAF /* Images.xcassets */; };
		5C4718CB1A67FEEA00771AAF /* LaunchScreen.xib in Resources */ = {isa = PBXBuildFile; fileRef = 5C4718C91A67FEEA00771AAF /* LaunchScreen.xib */; };
		5C4718D71A67FEEA00771AAF /* SlotMachineTests.swift in Sources */ = {isa = PBXBuildFile; fileRef = 5C4718D61A67FEEA00771AAF /* SlotMachineTests.swift */; };
		5C9F794D1A68213E00AC275B /* Slot.swift in Sources */ = {isa = PBXBuildFile; fileRef = 5C9F794C1A68213E00AC275B /* Slot.swift */; };
		5C9F799E1A68234000AC275B /* Factory.swift in Sources */ = {isa = PBXBuildFile; fileRef = 5C9F799D1A68234000AC275B /* Factory.swift */; };
/* End PBXBuildFile section */

/* Begin PBXContainerItemProxy section */
		5C4718D11A67FEEA00771AAF /* PBXContainerItemProxy */ = {
			isa = PBXContainerItemProxy;
			containerPortal = 5C4718B31A67FEEA00771AAF /* Project object */;
			proxyType = 1;
			remoteGlobalIDString = 5C4718BA1A67FEEA00771AAF;
			remoteInfo = SlotMachine;
		};
/* End PBXContainerItemProxy section */

/* Begin PBXFileReference section */
		5C4718BB1A67FEEA00771AAF /* SlotMachine.app */ = {isa = PBXFileReference; explicitFileType = wrapper.application; includeInIndex = 0; path = SlotMachine.app; sourceTree = BUILT_PRODUCTS_DIR; };
		5C4718BF1A67FEEA00771AAF /* Info.plist */ = {isa = PBXFileReference; lastKnownFileType = text.plist.xml; path = Info.plist; sourceTree = "<group>"; };
		5C4718C01A67FEEA00771AAF /* AppDelegate.swift */ = {isa = PBXFileReference; lastKnownFileType = sourcecode.swift; path = AppDelegate.swift; sourceTree = "<group>"; };
		5C4718C21A67FEEA00771AAF /* ViewController.swift */ = {isa = PBXFileReference; lastKnownFileType = sourcecode.swift; path = ViewController.swift; sourceTree = "<group>"; };
		5C4718C51A67FEEA00771AAF /* Base */ = {isa = PBXFileReference; lastKnownFileType = file.storyboard; name = Base; path = Base.lproj/Main.storyboard; sourceTree = "<group>"; };
		5C4718C71A67FEEA00771AAF /* Images.xcassets */ = {isa = PBXFileReference; lastKnownFileType = folder.assetcatalog; path = Images.xcassets; sourceTree = "<group>"; };
		5C4718CA1A67FEEA00771AAF /* Base */ = {isa = PBXFileReference; lastKnownFileType = file.xib; name = Base; path = Base.lproj/LaunchScreen.xib; sourceTree = "<group>"; };
		5C4718D01A67FEEA00771AAF /* SlotMachineTests.xctest */ = {isa = PBXFileReference; explicitFileType = wrapper.cfbundle; includeInIndex = 0; path = SlotMachineTests.xctest; sourceTree = BUILT_PRODUCTS_DIR; };
		5C4718D51A67FEEA00771AAF /* Info.plist */ = {isa = PBXFileReference; lastKnownFileType = text.plist.xml; path = Info.plist; sourceTree = "<group>"; };
		5C4718D61A67FEEA00771AAF /* SlotMachineTests.swift */ = {isa = PBXFileReference; lastKnownFileType = sourcecode.swift; path = SlotMachineTests.swift; sourceTree = "<group>"; };
		5C9F794C1A68213E00AC275B /* Slot.swift */ = {isa = PBXFileReference; fileEncoding = 4; lastKnownFileType = sourcecode.swift; path = Slot.swift; sourceTree = "<group>"; };
		5C9F799D1A68234000AC275B /* Factory.swift */ = {isa = PBXFileReference; fileEncoding = 4; lastKnownFileType = sourcecode.swift; path = Factory.swift; sourceTree = "<group>"; };
/* End PBXFileReference section */

/* Begin PBXFrameworksBuildPhase section */
		5C4718B81A67FEEA00771AAF /* Frameworks */ = {
			isa = PBXFrameworksBuildPhase;
			buildActionMask = 2147483647;
			files = (
			);
			runOnlyForDeploymentPostprocessing = 0;
		};
		5C4718CD1A67FEEA00771AAF /* Frameworks */ = {
			isa = PBXFrameworksBuildPhase;
			buildActionMask = 2147483647;
			files = (
			);
			runOnlyForDeploymentPostprocessing = 0;
		};
/* End PBXFrameworksBuildPhase section */

/* Begin PBXGroup section */
		5C4718B21A67FEEA00771AAF = {
			isa = PBXGroup;
			children = (
				5C4718BD1A67FEEA00771AAF /* SlotMachine */,
				5C4718D31A67FEEA00771AAF /* SlotMachineTests */,
				5C4718BC1A67FEEA00771AAF /* Products */,
			);
			sourceTree = "<group>";
		};
		5C4718BC1A67FEEA00771AAF /* Products */ = {
			isa = PBXGroup;
			children = (
				5C4718BB1A67FEEA00771AAF /* SlotMachine.app */,
				5C4718D01A67FEEA00771AAF /* SlotMachineTests.xctest */,
			);
			name = Products;
			sourceTree = "<group>";
		};
		5C4718BD1A67FEEA00771AAF /* SlotMachine */ = {
			isa = PBXGroup;
			children = (
				5C4718C01A67FEEA00771AAF /* AppDelegate.swift */,
				5C4718C21A67FEEA00771AAF /* ViewController.swift */,
				5C9F799D1A68234000AC275B /* Factory.swift */,
				5C9F794C1A68213E00AC275B /* Slot.swift */,
				5C4718C41A67FEEA00771AAF /* Main.storyboard */,
				5C4718C71A67FEEA00771AAF /* Images.xcassets */,
				5C4718C91A67FEEA00771AAF /* LaunchScreen.xib */,
				5C4718BE1A67FEEA00771AAF /* Supporting Files */,
			);
			path = SlotMachine;
			sourceTree = "<group>";
		};
		5C4718BE1A67FEEA00771AAF /* Supporting Files */ = {
			isa = PBXGroup;
			children = (
				5C4718BF1A67FEEA00771AAF /* Info.plist */,
			);
			name = "Supporting Files";
			sourceTree = "<group>";
		};
		5C4718D31A67FEEA00771AAF /* SlotMachineTests */ = {
			isa = PBXGroup;
			children = (
				5C4718D61A67FEEA00771AAF /* SlotMachineTests.swift */,
				5C4718D41A67FEEA00771AAF /* Supporting Files */,
			);
			path = SlotMachineTests;
			sourceTree = "<group>";
		};
		5C4718D41A67FEEA00771AAF /* Supporting Files */ = {
			isa = PBXGroup;
			children = (
				5C4718D51A67FEEA00771AAF /* Info.plist */,
			);
			name = "Supporting Files";
			sourceTree = "<group>";
		};
/* End PBXGroup section */

/* Begin PBXNativeTarget section */
		5C4718BA1A67FEEA00771AAF /* SlotMachine */ = {
			isa = PBXNativeTarget;
			buildConfigurationList = 5C4718DA1A67FEEA00771AAF /* Build configuration list for PBXNativeTarget "SlotMachine" */;
			buildPhases = (
				5C4718B71A67FEEA00771AAF /* Sources */,
				5C4718B81A67FEEA00771AAF /* Frameworks */,
				5C4718B91A67FEEA00771AAF /* Resources */,
			);
			buildRules = (
			);
			dependencies = (
			);
			name = SlotMachine;
			productName = SlotMachine;
			productReference = 5C4718BB1A67FEEA00771AAF /* SlotMachine.app */;
			productType = "com.apple.product-type.application";
		};
		5C4718CF1A67FEEA00771AAF /* SlotMachineTests */ = {
			isa = PBXNativeTarget;
			buildConfigurationList = 5C4718DD1A67FEEA00771AAF /* Build configuration list for PBXNativeTarget "SlotMachineTests" */;
			buildPhases = (
				5C4718CC1A67FEEA00771AAF /* Sources */,
				5C4718CD1A67FEEA00771AAF /* Frameworks */,
				5C4718CE1A67FEEA00771AAF /* Resources */,
			);
			buildRules = (
			);
			dependencies = (
				5C4718D21A67FEEA00771AAF /* PBXTargetDependency */,
			);
			name = SlotMachineTests;
			productName = SlotMachineTests;
			productReference = 5C4718D01A67FEEA00771AAF /* SlotMachineTests.xctest */;
			productType = "com.apple.product-type.bundle.unit-test";
		};
/* End PBXNativeTarget section */

/* Begin PBXProject section */
		5C4718B31A67FEEA00771AAF /* Project object */ = {
			isa = PBXProject;
			attributes = {
				LastUpgradeCheck = 0610;
				ORGANIZATIONNAME = "United Learning";
				TargetAttributes = {
					5C4718BA1A67FEEA00771AAF = {
						CreatedOnToolsVersion = 6.1.1;
					};
					5C4718CF1A67FEEA00771AAF = {
						CreatedOnToolsVersion = 6.1.1;
						TestTargetID = 5C4718BA1A67FEEA00771AAF;
					};
				};
			};
			buildConfigurationList = 5C4718B61A67FEEA00771AAF /* Build configuration list for PBXProject "SlotMachine" */;
			compatibilityVersion = "Xcode 3.2";
			developmentRegion = English;
			hasScannedForEncodings = 0;
			knownRegions = (
				en,
				Base,
			);
			mainGroup = 5C4718B21A67FEEA00771AAF;
			productRefGroup = 5C4718BC1A67FEEA00771AAF /* Products */;
			projectDirPath = "";
			projectRoot = "";
			targets = (
				5C4718BA1A67FEEA00771AAF /* SlotMachine */,
				5C4718CF1A67FEEA00771AAF /* SlotMachineTests */,
			);
		};
/* End PBXProject section */

/* Begin PBXResourcesBuildPhase section */
		5C4718B91A67FEEA00771AAF /* Resources */ = {
			isa = PBXResourcesBuildPhase;
			buildActionMask = 2147483647;
			files = (
				5C4718C61A67FEEA00771AAF /* Main.storyboard in Resources */,
				5C4718CB1A67FEEA00771AAF /* LaunchScreen.xib in Resources */,
				5C4718C81A67FEEA00771AAF /* Images.xcassets in Resources */,
			);
			runOnlyForDeploymentPostprocessing = 0;
		};
		5C4718CE1A67FEEA00771AAF /* Resources */ = {
			isa = PBXResourcesBuildPhase;
			buildActionMask = 2147483647;
			files = (
			);
			runOnlyForDeploymentPostprocessing = 0;
		};
/* End PBXResourcesBuildPhase section */

/* Begin PBXSourcesBuildPhase section */
		5C4718B71A67FEEA00771AAF /* Sources */ = {
			isa = PBXSourcesBuildPhase;
			buildActionMask = 2147483647;
			files = (
				5C9F799E1A68234000AC275B /* Factory.swift in Sources */,
				5C4718C31A67FEEA00771AAF /* ViewController.swift in Sources */,
				5C9F794D1A68213E00AC275B /* Slot.swift in Sources */,
				5C4718C11A67FEEA00771AAF /* AppDelegate.swift in Sources */,
			);
			runOnlyForDeploymentPostprocessing = 0;
		};
		5C4718CC1A67FEEA00771AAF /* Sources */ = {
			isa = PBXSourcesBuildPhase;
			buildActionMask = 2147483647;
			files = (
				5C4718D71A67FEEA00771AAF /* SlotMachineTests.swift in Sources */,
			);
			runOnlyForDeploymentPostprocessing = 0;
		};
/* End PBXSourcesBuildPhase section */

/* Begin PBXTargetDependency section */
		5C4718D21A67FEEA00771AAF /* PBXTargetDependency */ = {
			isa = PBXTargetDependency;
			target = 5C4718BA1A67FEEA00771AAF /* SlotMachine */;
			targetProxy = 5C4718D11A67FEEA00771AAF /* PBXContainerItemProxy */;
		};
/* End PBXTargetDependency section */

/* Begin PBXVariantGroup section */
		5C4718C41A67FEEA00771AAF /* Main.storyboard */ = {
			isa = PBXVariantGroup;
			children = (
				5C4718C51A67FEEA00771AAF /* Base */,
			);
			name = Main.storyboard;
			sourceTree = "<group>";
		};
		5C4718C91A67FEEA00771AAF /* LaunchScreen.xib */ = {
			isa = PBXVariantGroup;
			children = (
				5C4718CA1A67FEEA00771AAF /* Base */,
			);
			name = LaunchScreen.xib;
			sourceTree = "<group>";
		};
/* End PBXVariantGroup section */

/* Begin XCBuildConfiguration section */
		5C4718D81A67FEEA00771AAF /* Debug */ = {
			isa = XCBuildConfiguration;
			buildSettings = {
				ALWAYS_SEARCH_USER_PATHS = NO;
				CLANG_CXX_LANGUAGE_STANDARD = "gnu++0x";
				CLANG_CXX_LIBRARY = "libc++";
				CLANG_ENABLE_MODULES = YES;
				CLANG_ENABLE_OBJC_ARC = YES;
				CLANG_WARN_BOOL_CONVERSION = YES;
				CLANG_WARN_CONSTANT_CONVERSION = YES;
				CLANG_WARN_DIRECT_OBJC_ISA_USAGE = YES_ERROR;
				CLANG_WARN_EMPTY_BODY = YES;
				CLANG_WARN_ENUM_CONVERSION = YES;
				CLANG_WARN_INT_CONVERSION = YES;
				CLANG_WARN_OBJC_ROOT_CLASS = YES_ERROR;
				CLANG_WARN_UNREACHABLE_CODE = YES;
				CLANG_WARN__DUPLICATE_METHOD_MATCH = YES;
				"CODE_SIGN_IDENTITY[sdk=iphoneos*]" = "iPhone Developer";
				COPY_PHASE_STRIP = NO;
				ENABLE_STRICT_OBJC_MSGSEND = YES;
				GCC_C_LANGUAGE_STANDARD = gnu99;
				GCC_DYNAMIC_NO_PIC = NO;
				GCC_OPTIMIZATION_LEVEL = 0;
				GCC_PREPROCESSOR_DEFINITIONS = (
					"DEBUG=1",
					"$(inherited)",
				);
				GCC_SYMBOLS_PRIVATE_EXTERN = NO;
				GCC_WARN_64_TO_32_BIT_CONVERSION = YES;
				GCC_WARN_ABOUT_RETURN_TYPE = YES_ERROR;
				GCC_WARN_UNDECLARED_SELECTOR = YES;
				GCC_WARN_UNINITIALIZED_AUTOS = YES_AGGRESSIVE;
				GCC_WARN_UNUSED_FUNCTION = YES;
				GCC_WARN_UNUSED_VARIABLE = YES;
				IPHONEOS_DEPLOYMENT_TARGET = 8.1;
				MTL_ENABLE_DEBUG_INFO = YES;
				ONLY_ACTIVE_ARCH = YES;
				SDKROOT = iphoneos;
				SWIFT_OPTIMIZATION_LEVEL = "-Onone";
				TARGETED_DEVICE_FAMILY = "1,2";
			};
			name = Debug;
		};
		5C4718D91A67FEEA00771AAF /* Release */ = {
			isa = XCBuildConfiguration;
			buildSettings = {
				ALWAYS_SEARCH_USER_PATHS = NO;
				CLANG_CXX_LANGUAGE_STANDARD = "gnu++0x";
				CLANG_CXX_LIBRARY = "libc++";
				CLANG_ENABLE_MODULES = YES;
				CLANG_ENABLE_OBJC_ARC = YES;
				CLANG_WARN_BOOL_CONVERSION = YES;
				CLANG_WARN_CONSTANT_CONVERSION = YES;
				CLANG_WARN_DIRECT_OBJC_ISA_USAGE = YES_ERROR;
				CLANG_WARN_EMPTY_BODY = YES;
				CLANG_WARN_ENUM_CONVERSION = YES;
				CLANG_WARN_INT_CONVERSION = YES;
				CLANG_WARN_OBJC_ROOT_CLASS = YES_ERROR;
				CLANG_WARN_UNREACHABLE_CODE = YES;
				CLANG_WARN__DUPLICATE_METHOD_MATCH = YES;
				"CODE_SIGN_IDENTITY[sdk=iphoneos*]" = "iPhone Developer";
				COPY_PHASE_STRIP = YES;
				ENABLE_NS_ASSERTIONS = NO;
				ENABLE_STRICT_OBJC_MSGSEND = YES;
				GCC_C_LANGUAGE_STANDARD = gnu99;
				GCC_WARN_64_TO_32_BIT_CONVERSION = YES;
				GCC_WARN_ABOUT_RETURN_TYPE = YES_ERROR;
				GCC_WARN_UNDECLARED_SELECTOR = YES;
				GCC_WARN_UNINITIALIZED_AUTOS = YES_AGGRESSIVE;
				GCC_WARN_UNUSED_FUNCTION = YES;
				GCC_WARN_UNUSED_VARIABLE = YES;
				IPHONEOS_DEPLOYMENT_TARGET = 8.1;
				MTL_ENABLE_DEBUG_INFO = NO;
				SDKROOT = iphoneos;
				TARGETED_DEVICE_FAMILY = "1,2";
				VALIDATE_PRODUCT = YES;
			};
			name = Release;
		};
		5C4718DB1A67FEEA00771AAF /* Debug */ = {
			isa = XCBuildConfiguration;
			buildSettings = {
				ASSETCATALOG_COMPILER_APPICON_NAME = AppIcon;
				INFOPLIST_FILE = SlotMachine/Info.plist;
				LD_RUNPATH_SEARCH_PATHS = "$(inherited) @executable_path/Frameworks";
				PRODUCT_NAME = "$(TARGET_NAME)";
			};
			name = Debug;
		};
		5C4718DC1A67FEEA00771AAF /* Release */ = {
			isa = XCBuildConfiguration;
			buildSettings = {
				ASSETCATALOG_COMPILER_APPICON_NAME = AppIcon;
				INFOPLIST_FILE = SlotMachine/Info.plist;
				LD_RUNPATH_SEARCH_PATHS = "$(inherited) @executable_path/Frameworks";
				PRODUCT_NAME = "$(TARGET_NAME)";
			};
			name = Release;
		};
		5C4718DE1A67FEEA00771AAF /* Debug */ = {
			isa = XCBuildConfiguration;
			buildSettings = {
				BUNDLE_LOADER = "$(TEST_HOST)";
				FRAMEWORK_SEARCH_PATHS = (
					"$(SDKROOT)/Developer/Library/Frameworks",
					"$(inherited)",
				);
				GCC_PREPROCESSOR_DEFINITIONS = (
					"DEBUG=1",
					"$(inherited)",
				);
				INFOPLIST_FILE = SlotMachineTests/Info.plist;
				LD_RUNPATH_SEARCH_PATHS = "$(inherited) @executable_path/Frameworks @loader_path/Frameworks";
				PRODUCT_NAME = "$(TARGET_NAME)";
				TEST_HOST = "$(BUILT_PRODUCTS_DIR)/SlotMachine.app/SlotMachine";
			};
			name = Debug;
		};
		5C4718DF1A67FEEA00771AAF /* Release */ = {
			isa = XCBuildConfiguration;
			buildSettings = {
				BUNDLE_LOADER = "$(TEST_HOST)";
				FRAMEWORK_SEARCH_PATHS = (
					"$(SDKROOT)/Developer/Library/Frameworks",
					"$(inherited)",
				);
				INFOPLIST_FILE = SlotMachineTests/Info.plist;
				LD_RUNPATH_SEARCH_PATHS = "$(inherited) @executable_path/Frameworks @loader_path/Frameworks";
				PRODUCT_NAME = "$(TARGET_NAME)";
				TEST_HOST = "$(BUILT_PRODUCTS_DIR)/SlotMachine.app/SlotMachine";
			};
			name = Release;
		};
/* End XCBuildConfiguration section */

/* Begin XCConfigurationList section */
		5C4718B61A67FEEA00771AAF /* Build configuration list for PBXProject "SlotMachine" */ = {
			isa = XCConfigurationList;
			buildConfigurations = (
				5C4718D81A67FEEA00771AAF /* Debug */,
				5C4718D91A67FEEA00771AAF /* Release */,
			);
			defaultConfigurationIsVisible = 0;
			defaultConfigurationName = Release;
		};
		5C4718DA1A67FEEA00771AAF /* Build configuration list for PBXNativeTarget "SlotMachine" */ = {
			isa = XCConfigurationList;
			buildConfigurations = (
				5C4718DB1A67FEEA00771AAF /* Debug */,
				5C4718DC1A67FEEA00771AAF /* Release */,
			);
			defaultConfigurationIsVisible = 0;
			defaultConfigurationName = Release;
		};
		5C4718DD1A67FEEA00771AAF /* Build configuration list for PBXNativeTarget "SlotMachineTests" */ = {
			isa = XCConfigurationList;
			buildConfigurations = (
				5C4718DE1A67FEEA00771AAF /* Debug */,
				5C4718DF1A67FEEA00771AAF /* Release */,
			);
			defaultConfigurationIsVisible = 0;
			defaultConfigurationName = Release;
		};
/* End XCConfigurationList section */
	};
	rootObject = 5C4718B31A67FEEA00771AAF /* Project object */;
}
